
Microsoft Visual Studio Solution File, Format Version 12.00
# Visual Studio Version 17
VisualStudioVersion = 17.0.31903.59
MinimumVisualStudioVersion = 10.0.40219.1
Project("{2150E333-8FDC-42A3-9474-1A3956D46DE8}") = "01-arrays-homework", "01-arrays-homework", "{05621E59-B752-4729-9D51-EBE3A0309575}"
EndProject
Project("{FAE04EC0-301F-11D3-BF4B-00C04F79EFBC}") = "Soru01", "01-arrays-homework\Soru01\Soru01.csproj", "{02963267-FFCF-43D3-BDB2-6C6E064DA274}"
EndProject
Project("{FAE04EC0-301F-11D3-BF4B-00C04F79EFBC}") = "Soru02", "01-arrays-homework\Soru02\Soru02.csproj", "{BD1E3948-49D5-41A3-94CA-68042702A891}"
EndProject
Project("{FAE04EC0-301F-11D3-BF4B-00C04F79EFBC}") = "Soru03", "01-arrays-homework\Soru03\Soru03.csproj", "{F97F5C41-3D4C-49A3-8463-A81A9294D71C}"
EndProject
Project("{FAE04EC0-301F-11D3-BF4B-00C04F79EFBC}") = "Soru04", "01-arrays-homework\Soru04\Soru04.csproj", "{082433C0-7C68-4403-AB2C-8AED255D68E9}"
EndProject
Project("{FAE04EC0-301F-11D3-BF4B-00C04F79EFBC}") = "Soru05", "01-arrays-homework\Soru05\Soru05.csproj", "{1F226BF0-C456-4CB1-9244-0105F075D53C}"
EndProject
Project("{FAE04EC0-301F-11D3-BF4B-00C04F79EFBC}") = "Soru06", "01-arrays-homework\Soru06\Soru06.csproj", "{1AC7C514-12F4-4E4A-8DB7-7BD41D781D55}"
EndProject
Project("{FAE04EC0-301F-11D3-BF4B-00C04F79EFBC}") = "Soru07", "01-arrays-homework\Soru07\Soru07.csproj", "{66543FC1-C057-4BCD-BA6C-4AEA5AE7ADDB}"
EndProject
Project("{FAE04EC0-301F-11D3-BF4B-00C04F79EFBC}") = "Soru08", "01-arrays-homework\Soru08\Soru08.csproj", "{CA38EA15-02AE-46C2-B9DD-825828F19390}"
EndProject
Project("{FAE04EC0-301F-11D3-BF4B-00C04F79EFBC}") = "Soru09", "01-arrays-homework\Soru09\Soru09.csproj", "{BEAF3CF0-8285-45AE-BCF3-F7BC95878DCF}"
EndProject
Project("{FAE04EC0-301F-11D3-BF4B-00C04F79EFBC}") = "Soru10", "01-arrays-homework\Soru10\Soru10.csproj", "{FE596276-FE19-4AC6-941C-0106A8D0F79C}"
EndProject
Project("{FAE04EC0-301F-11D3-BF4B-00C04F79EFBC}") = "Soru11", "01-arrays-homework\Soru11\Soru11.csproj", "{FE4C1E81-EEA6-4654-8745-D434A155D5FA}"
EndProject
Project("{FAE04EC0-301F-11D3-BF4B-00C04F79EFBC}") = "Soru12", "01-arrays-homework\Soru12\Soru12.csproj", "{3F4D916E-5DC2-4BD1-9596-A219027FAA77}"
EndProject
Project("{FAE04EC0-301F-11D3-BF4B-00C04F79EFBC}") = "Soru13", "01-arrays-homework\Soru13\Soru13.csproj", "{B7D4C018-43CD-49DC-9649-D5456D2E5FCC}"
EndProject
Project("{FAE04EC0-301F-11D3-BF4B-00C04F79EFBC}") = "Soru14", "01-arrays-homework\Soru14\Soru14.csproj", "{2B4D4205-FE8A-4227-9867-644943465787}"
EndProject
Project("{FAE04EC0-301F-11D3-BF4B-00C04F79EFBC}") = "Soru15", "01-arrays-homework\Soru15\Soru15.csproj", "{67B74AB9-006C-48E7-BA77-067176DE6712}"
EndProject
Project("{FAE04EC0-301F-11D3-BF4B-00C04F79EFBC}") = "Soru16", "01-arrays-homework\Soru16\Soru16.csproj", "{388333A7-4C68-4BCA-B614-2526AC537127}"
EndProject
Project("{FAE04EC0-301F-11D3-BF4B-00C04F79EFBC}") = "Soru17", "01-arrays-homework\Soru17\Soru17.csproj", "{AF7AF444-D7F5-45C6-A933-AAAADAF6316A}"
EndProject
Project("{FAE04EC0-301F-11D3-BF4B-00C04F79EFBC}") = "Soru_17", "01-arrays-homework\Soru_17\Soru_17.csproj", "{3189F5A6-02F4-497E-B7D5-8DCB5E677F7E}"
EndProject
Global
	GlobalSection(SolutionConfigurationPlatforms) = preSolution
		Debug|Any CPU = Debug|Any CPU
		Release|Any CPU = Release|Any CPU
	EndGlobalSection
	GlobalSection(SolutionProperties) = preSolution
		HideSolutionNode = FALSE
	EndGlobalSection
	GlobalSection(ProjectConfigurationPlatforms) = postSolution
		{02963267-FFCF-43D3-BDB2-6C6E064DA274}.Debug|Any CPU.ActiveCfg = Debug|Any CPU
		{02963267-FFCF-43D3-BDB2-6C6E064DA274}.Debug|Any CPU.Build.0 = Debug|Any CPU
		{02963267-FFCF-43D3-BDB2-6C6E064DA274}.Release|Any CPU.ActiveCfg = Release|Any CPU
		{02963267-FFCF-43D3-BDB2-6C6E064DA274}.Release|Any CPU.Build.0 = Release|Any CPU
		{BD1E3948-49D5-41A3-94CA-68042702A891}.Debug|Any CPU.ActiveCfg = Debug|Any CPU
		{BD1E3948-49D5-41A3-94CA-68042702A891}.Debug|Any CPU.Build.0 = Debug|Any CPU
		{BD1E3948-49D5-41A3-94CA-68042702A891}.Release|Any CPU.ActiveCfg = Release|Any CPU
		{BD1E3948-49D5-41A3-94CA-68042702A891}.Release|Any CPU.Build.0 = Release|Any CPU
		{F97F5C41-3D4C-49A3-8463-A81A9294D71C}.Debug|Any CPU.ActiveCfg = Debug|Any CPU
		{F97F5C41-3D4C-49A3-8463-A81A9294D71C}.Debug|Any CPU.Build.0 = Debug|Any CPU
		{F97F5C41-3D4C-49A3-8463-A81A9294D71C}.Release|Any CPU.ActiveCfg = Release|Any CPU
		{F97F5C41-3D4C-49A3-8463-A81A9294D71C}.Release|Any CPU.Build.0 = Release|Any CPU
		{082433C0-7C68-4403-AB2C-8AED255D68E9}.Debug|Any CPU.ActiveCfg = Debug|Any CPU
		{082433C0-7C68-4403-AB2C-8AED255D68E9}.Debug|Any CPU.Build.0 = Debug|Any CPU
		{082433C0-7C68-4403-AB2C-8AED255D68E9}.Release|Any CPU.ActiveCfg = Release|Any CPU
		{082433C0-7C68-4403-AB2C-8AED255D68E9}.Release|Any CPU.Build.0 = Release|Any CPU
		{1F226BF0-C456-4CB1-9244-0105F075D53C}.Debug|Any CPU.ActiveCfg = Debug|Any CPU
		{1F226BF0-C456-4CB1-9244-0105F075D53C}.Debug|Any CPU.Build.0 = Debug|Any CPU
		{1F226BF0-C456-4CB1-9244-0105F075D53C}.Release|Any CPU.ActiveCfg = Release|Any CPU
		{1F226BF0-C456-4CB1-9244-0105F075D53C}.Release|Any CPU.Build.0 = Release|Any CPU
		{1AC7C514-12F4-4E4A-8DB7-7BD41D781D55}.Debug|Any CPU.ActiveCfg = Debug|Any CPU
		{1AC7C514-12F4-4E4A-8DB7-7BD41D781D55}.Debug|Any CPU.Build.0 = Debug|Any CPU
		{1AC7C514-12F4-4E4A-8DB7-7BD41D781D55}.Release|Any CPU.ActiveCfg = Release|Any CPU
		{1AC7C514-12F4-4E4A-8DB7-7BD41D781D55}.Release|Any CPU.Build.0 = Release|Any CPU
		{66543FC1-C057-4BCD-BA6C-4AEA5AE7ADDB}.Debug|Any CPU.ActiveCfg = Debug|Any CPU
		{66543FC1-C057-4BCD-BA6C-4AEA5AE7ADDB}.Debug|Any CPU.Build.0 = Debug|Any CPU
		{66543FC1-C057-4BCD-BA6C-4AEA5AE7ADDB}.Release|Any CPU.ActiveCfg = Release|Any CPU
		{66543FC1-C057-4BCD-BA6C-4AEA5AE7ADDB}.Release|Any CPU.Build.0 = Release|Any CPU
		{CA38EA15-02AE-46C2-B9DD-825828F19390}.Debug|Any CPU.ActiveCfg = Debug|Any CPU
		{CA38EA15-02AE-46C2-B9DD-825828F19390}.Debug|Any CPU.Build.0 = Debug|Any CPU
		{CA38EA15-02AE-46C2-B9DD-825828F19390}.Release|Any CPU.ActiveCfg = Release|Any CPU
		{CA38EA15-02AE-46C2-B9DD-825828F19390}.Release|Any CPU.Build.0 = Release|Any CPU
		{BEAF3CF0-8285-45AE-BCF3-F7BC95878DCF}.Debug|Any CPU.ActiveCfg = Debug|Any CPU
		{BEAF3CF0-8285-45AE-BCF3-F7BC95878DCF}.Debug|Any CPU.Build.0 = Debug|Any CPU
		{BEAF3CF0-8285-45AE-BCF3-F7BC95878DCF}.Release|Any CPU.ActiveCfg = Release|Any CPU
		{BEAF3CF0-8285-45AE-BCF3-F7BC95878DCF}.Release|Any CPU.Build.0 = Release|Any CPU
		{FE596276-FE19-4AC6-941C-0106A8D0F79C}.Debug|Any CPU.ActiveCfg = Debug|Any CPU
		{FE596276-FE19-4AC6-941C-0106A8D0F79C}.Debug|Any CPU.Build.0 = Debug|Any CPU
		{FE596276-FE19-4AC6-941C-0106A8D0F79C}.Release|Any CPU.ActiveCfg = Release|Any CPU
		{FE596276-FE19-4AC6-941C-0106A8D0F79C}.Release|Any CPU.Build.0 = Release|Any CPU
		{FE4C1E81-EEA6-4654-8745-D434A155D5FA}.Debug|Any CPU.ActiveCfg = Debug|Any CPU
		{FE4C1E81-EEA6-4654-8745-D434A155D5FA}.Debug|Any CPU.Build.0 = Debug|Any CPU
		{FE4C1E81-EEA6-4654-8745-D434A155D5FA}.Release|Any CPU.ActiveCfg = Release|Any CPU
		{FE4C1E81-EEA6-4654-8745-D434A155D5FA}.Release|Any CPU.Build.0 = Release|Any CPU
		{3F4D916E-5DC2-4BD1-9596-A219027FAA77}.Debug|Any CPU.ActiveCfg = Debug|Any CPU
		{3F4D916E-5DC2-4BD1-9596-A219027FAA77}.Debug|Any CPU.Build.0 = Debug|Any CPU
		{3F4D916E-5DC2-4BD1-9596-A219027FAA77}.Release|Any CPU.ActiveCfg = Release|Any CPU
		{3F4D916E-5DC2-4BD1-9596-A219027FAA77}.Release|Any CPU.Build.0 = Release|Any CPU
		{B7D4C018-43CD-49DC-9649-D5456D2E5FCC}.Debug|Any CPU.ActiveCfg = Debug|Any CPU
		{B7D4C018-43CD-49DC-9649-D5456D2E5FCC}.Debug|Any CPU.Build.0 = Debug|Any CPU
		{B7D4C018-43CD-49DC-9649-D5456D2E5FCC}.Release|Any CPU.ActiveCfg = Release|Any CPU
		{B7D4C018-43CD-49DC-9649-D5456D2E5FCC}.Release|Any CPU.Build.0 = Release|Any CPU
		{2B4D4205-FE8A-4227-9867-644943465787}.Debug|Any CPU.ActiveCfg = Debug|Any CPU
		{2B4D4205-FE8A-4227-9867-644943465787}.Debug|Any CPU.Build.0 = Debug|Any CPU
		{2B4D4205-FE8A-4227-9867-644943465787}.Release|Any CPU.ActiveCfg = Release|Any CPU
		{2B4D4205-FE8A-4227-9867-644943465787}.Release|Any CPU.Build.0 = Release|Any CPU
		{67B74AB9-006C-48E7-BA77-067176DE6712}.Debug|Any CPU.ActiveCfg = Debug|Any CPU
		{67B74AB9-006C-48E7-BA77-067176DE6712}.Debug|Any CPU.Build.0 = Debug|Any CPU
		{67B74AB9-006C-48E7-BA77-067176DE6712}.Release|Any CPU.ActiveCfg = Release|Any CPU
		{67B74AB9-006C-48E7-BA77-067176DE6712}.Release|Any CPU.Build.0 = Release|Any CPU
		{388333A7-4C68-4BCA-B614-2526AC537127}.Debug|Any CPU.ActiveCfg = Debug|Any CPU
		{388333A7-4C68-4BCA-B614-2526AC537127}.Debug|Any CPU.Build.0 = Debug|Any CPU
		{388333A7-4C68-4BCA-B614-2526AC537127}.Release|Any CPU.ActiveCfg = Release|Any CPU
		{388333A7-4C68-4BCA-B614-2526AC537127}.Release|Any CPU.Build.0 = Release|Any CPU
		{AF7AF444-D7F5-45C6-A933-AAAADAF6316A}.Debug|Any CPU.ActiveCfg = Debug|Any CPU
		{AF7AF444-D7F5-45C6-A933-AAAADAF6316A}.Debug|Any CPU.Build.0 = Debug|Any CPU
		{AF7AF444-D7F5-45C6-A933-AAAADAF6316A}.Release|Any CPU.ActiveCfg = Release|Any CPU
		{AF7AF444-D7F5-45C6-A933-AAAADAF6316A}.Release|Any CPU.Build.0 = Release|Any CPU
		{3189F5A6-02F4-497E-B7D5-8DCB5E677F7E}.Debug|Any CPU.ActiveCfg = Debug|Any CPU
		{3189F5A6-02F4-497E-B7D5-8DCB5E677F7E}.Debug|Any CPU.Build.0 = Debug|Any CPU
		{3189F5A6-02F4-497E-B7D5-8DCB5E677F7E}.Release|Any CPU.ActiveCfg = Release|Any CPU
		{3189F5A6-02F4-497E-B7D5-8DCB5E677F7E}.Release|Any CPU.Build.0 = Release|Any CPU
	EndGlobalSection
	GlobalSection(NestedProjects) = preSolution
		{02963267-FFCF-43D3-BDB2-6C6E064DA274} = {05621E59-B752-4729-9D51-EBE3A0309575}
		{BD1E3948-49D5-41A3-94CA-68042702A891} = {05621E59-B752-4729-9D51-EBE3A0309575}
		{F97F5C41-3D4C-49A3-8463-A81A9294D71C} = {05621E59-B752-4729-9D51-EBE3A0309575}
		{082433C0-7C68-4403-AB2C-8AED255D68E9} = {05621E59-B752-4729-9D51-EBE3A0309575}
		{1F226BF0-C456-4CB1-9244-0105F075D53C} = {05621E59-B752-4729-9D51-EBE3A0309575}
		{1AC7C514-12F4-4E4A-8DB7-7BD41D781D55} = {05621E59-B752-4729-9D51-EBE3A0309575}
		{66543FC1-C057-4BCD-BA6C-4AEA5AE7ADDB} = {05621E59-B752-4729-9D51-EBE3A0309575}
		{CA38EA15-02AE-46C2-B9DD-825828F19390} = {05621E59-B752-4729-9D51-EBE3A0309575}
		{BEAF3CF0-8285-45AE-BCF3-F7BC95878DCF} = {05621E59-B752-4729-9D51-EBE3A0309575}
		{FE596276-FE19-4AC6-941C-0106A8D0F79C} = {05621E59-B752-4729-9D51-EBE3A0309575}
		{FE4C1E81-EEA6-4654-8745-D434A155D5FA} = {05621E59-B752-4729-9D51-EBE3A0309575}
		{3F4D916E-5DC2-4BD1-9596-A219027FAA77} = {05621E59-B752-4729-9D51-EBE3A0309575}
		{B7D4C018-43CD-49DC-9649-D5456D2E5FCC} = {05621E59-B752-4729-9D51-EBE3A0309575}
		{2B4D4205-FE8A-4227-9867-644943465787} = {05621E59-B752-4729-9D51-EBE3A0309575}
		{67B74AB9-006C-48E7-BA77-067176DE6712} = {05621E59-B752-4729-9D51-EBE3A0309575}
		{388333A7-4C68-4BCA-B614-2526AC537127} = {05621E59-B752-4729-9D51-EBE3A0309575}
		{AF7AF444-D7F5-45C6-A933-AAAADAF6316A} = {05621E59-B752-4729-9D51-EBE3A0309575}
		{3189F5A6-02F4-497E-B7D5-8DCB5E677F7E} = {05621E59-B752-4729-9D51-EBE3A0309575}
	EndGlobalSection
EndGlobal
